%{"benchfella": {:hex, :benchfella, "0.2.0"},
  "earmark": {:hex, :earmark, "0.1.17"},
  "ex_doc": {:hex, :ex_doc, "0.7.3"},
  "exjsx": {:git, "git://github.com/talentdeficit/exjsx.git", "53db5d995b1b070e3883381e9acb195969137f67", []},
  "jazz": {:git, "git://github.com/meh/jazz.git", "49f335492aca5516495199dd81dd18b845ebaa69", []},
  "jiffy": {:git, "git://github.com/davisp/jiffy.git", "e008c0c3fffb4f509c5ae6b73b960663d778f231", []},
  "jsx": {:hex, :jsx, "2.6.2"}}
